
Microsoft Visual Studio Solution File, Format Version 12.00
# Visual Studio Version 16
VisualStudioVersion = 16.0.30621.155
MinimumVisualStudioVersion = 10.0.40219.1
Project("{FAE04EC0-301F-11D3-BF4B-00C04F79EFBC}") = "LinqToSql", "LinqToSql\LinqToSql.csproj", "{C5DE3DA1-4F54-484D-A015-0A0266B50AF1}"
EndProject
Global
	GlobalSection(SolutionConfigurationPlatforms) = preSolution
		Debug|Any CPU = Debug|Any CPU
		Release|Any CPU = Release|Any CPU
	EndGlobalSection
	GlobalSection(ProjectConfigurationPlatforms) = postSolution
		{C5DE3DA1-4F54-484D-A015-0A0266B50AF1}.Debug|Any CPU.ActiveCfg = Debug|Any CPU
		{C5DE3DA1-4F54-484D-A015-0A0266B50AF1}.Debug|Any CPU.Build.0 = Debug|Any CPU
		{C5DE3DA1-4F54-484D-A015-0A0266B50AF1}.Release|Any CPU.ActiveCfg = Release|Any CPU
		{C5DE3DA1-4F54-484D-A015-0A0266B50AF1}.Release|Any CPU.Build.0 = Release|Any CPU
	EndGlobalSection
	GlobalSection(SolutionProperties) = preSolution
		HideSolutionNode = FALSE
	EndGlobalSection
	GlobalSection(ExtensibilityGlobals) = postSolution
		SolutionGuid = {627991CD-E666-41F6-A5B6-C8917AADC477}
	EndGlobalSection
EndGlobal
